
Microsoft Visual Studio Solution File, Format Version 12.00
# Blend for Visual Studio 15
VisualStudioVersion = 15.0.28010.2019
MinimumVisualStudioVersion = 10.0.40219.1
Project("{FAE04EC0-301F-11D3-BF4B-00C04F79EFBC}") = "ch07", "ch07\ch07.csproj", "{3BA7350D-5DE8-456A-B4BF-B3E3C459A08C}"
EndProject
Global
	GlobalSection(SolutionConfigurationPlatforms) = preSolution
		Debug|Any CPU = Debug|Any CPU
		Release|Any CPU = Release|Any CPU
	EndGlobalSection
	GlobalSection(ProjectConfigurationPlatforms) = postSolution
		{3BA7350D-5DE8-456A-B4BF-B3E3C459A08C}.Debug|Any CPU.ActiveCfg = Debug|Any CPU
		{3BA7350D-5DE8-456A-B4BF-B3E3C459A08C}.Debug|Any CPU.Build.0 = Debug|Any CPU
		{3BA7350D-5DE8-456A-B4BF-B3E3C459A08C}.Release|Any CPU.ActiveCfg = Release|Any CPU
		{3BA7350D-5DE8-456A-B4BF-B3E3C459A08C}.Release|Any CPU.Build.0 = Release|Any CPU
	EndGlobalSection
	GlobalSection(SolutionProperties) = preSolution
		HideSolutionNode = FALSE
	EndGlobalSection
	GlobalSection(ExtensibilityGlobals) = postSolution
		SolutionGuid = {01C9977C-8EC7-4920-A7B7-76E1E7994565}
	EndGlobalSection
EndGlobal
